
Microsoft Visual Studio Solution File, Format Version 12.00
# Visual Studio Version 16
VisualStudioVersion = 16.0.30517.126
MinimumVisualStudioVersion = 10.0.40219.1
Project("{FAE04EC0-301F-11D3-BF4B-00C04F79EFBC}") = "prjModelValidate", "prjModelValidate\prjModelValidate.csproj", "{C29DFC92-3FDA-496D-B776-62C3F1BA9A39}"
EndProject
Global
	GlobalSection(SolutionConfigurationPlatforms) = preSolution
		Debug|Any CPU = Debug|Any CPU
		Release|Any CPU = Release|Any CPU
	EndGlobalSection
	GlobalSection(ProjectConfigurationPlatforms) = postSolution
		{C29DFC92-3FDA-496D-B776-62C3F1BA9A39}.Debug|Any CPU.ActiveCfg = Debug|Any CPU
		{C29DFC92-3FDA-496D-B776-62C3F1BA9A39}.Debug|Any CPU.Build.0 = Debug|Any CPU
		{C29DFC92-3FDA-496D-B776-62C3F1BA9A39}.Release|Any CPU.ActiveCfg = Release|Any CPU
		{C29DFC92-3FDA-496D-B776-62C3F1BA9A39}.Release|Any CPU.Build.0 = Release|Any CPU
	EndGlobalSection
	GlobalSection(SolutionProperties) = preSolution
		HideSolutionNode = FALSE
	EndGlobalSection
	GlobalSection(ExtensibilityGlobals) = postSolution
		SolutionGuid = {A56BB047-9D86-4C96-AEEC-B93A55DEB99D}
	EndGlobalSection
EndGlobal
