
Microsoft Visual Studio Solution File, Format Version 12.00
# Visual Studio Version 16
VisualStudioVersion = 16.0.30413.136
MinimumVisualStudioVersion = 10.0.40219.1
Project("{FAE04EC0-301F-11D3-BF4B-00C04F79EFBC}") = "prjToDo", "prjToDo\prjToDo.csproj", "{E154D181-AF21-4CBF-98FD-AD1D39E2A88B}"
EndProject
Global
	GlobalSection(SolutionConfigurationPlatforms) = preSolution
		Debug|Any CPU = Debug|Any CPU
		Release|Any CPU = Release|Any CPU
	EndGlobalSection
	GlobalSection(ProjectConfigurationPlatforms) = postSolution
		{E154D181-AF21-4CBF-98FD-AD1D39E2A88B}.Debug|Any CPU.ActiveCfg = Debug|Any CPU
		{E154D181-AF21-4CBF-98FD-AD1D39E2A88B}.Debug|Any CPU.Build.0 = Debug|Any CPU
		{E154D181-AF21-4CBF-98FD-AD1D39E2A88B}.Release|Any CPU.ActiveCfg = Release|Any CPU
		{E154D181-AF21-4CBF-98FD-AD1D39E2A88B}.Release|Any CPU.Build.0 = Release|Any CPU
	EndGlobalSection
	GlobalSection(SolutionProperties) = preSolution
		HideSolutionNode = FALSE
	EndGlobalSection
	GlobalSection(ExtensibilityGlobals) = postSolution
		SolutionGuid = {ABF5F605-9FA8-4E14-884E-768D7E5B255F}
	EndGlobalSection
EndGlobal
